
Microsoft Visual Studio Solution File, Format Version 12.00
# Visual Studio Version 17
VisualStudioVersion = 17.4.33213.308
MinimumVisualStudioVersion = 10.0.40219.1
Project("{FAE04EC0-301F-11D3-BF4B-00C04F79EFBC}") = "OrientaçãoObjeto", "OrientaçãoObjeto\OrientaçãoObjeto.csproj", "{C7349378-C17D-4AEC-9B69-1BC8E0847DA8}"
EndProject
Global
	GlobalSection(SolutionConfigurationPlatforms) = preSolution
		Debug|Any CPU = Debug|Any CPU
		Release|Any CPU = Release|Any CPU
	EndGlobalSection
	GlobalSection(ProjectConfigurationPlatforms) = postSolution
		{C7349378-C17D-4AEC-9B69-1BC8E0847DA8}.Debug|Any CPU.ActiveCfg = Debug|Any CPU
		{C7349378-C17D-4AEC-9B69-1BC8E0847DA8}.Debug|Any CPU.Build.0 = Debug|Any CPU
		{C7349378-C17D-4AEC-9B69-1BC8E0847DA8}.Release|Any CPU.ActiveCfg = Release|Any CPU
		{C7349378-C17D-4AEC-9B69-1BC8E0847DA8}.Release|Any CPU.Build.0 = Release|Any CPU
	EndGlobalSection
	GlobalSection(SolutionProperties) = preSolution
		HideSolutionNode = FALSE
	EndGlobalSection
	GlobalSection(ExtensibilityGlobals) = postSolution
		SolutionGuid = {FDBF1F3F-F782-4A17-8CFE-DAE4CFC8B40F}
	EndGlobalSection
EndGlobal
